{
  "version": 4,
  "terraform_version": "1.1.9",
  "serial": 32,
  "lineage": "13093e66-5344-9d42-6dda-a885a283a65e",
  "outputs": {},
  "resources": [
    {
      "mode": "managed",
      "type": "aws_security_group",
      "name": "rancher_sg_allowall",
      "provider": "provider[\"registry.terraform.io/hashicorp/aws\"]",
      "instances": [
        {
          "schema_version": 1,
          "attributes": {
            "arn": "arn:aws:ec2:eu-west-1:964235021484:security-group/sg-02519aee1612eafa0",
            "description": "Rancher quickstart - allow all traffic",
            "egress": [
              {
                "cidr_blocks": [
                  "0.0.0.0/0"
                ],
                "description": "",
                "from_port": 0,
                "ipv6_cidr_blocks": [],
                "prefix_list_ids": [],
                "protocol": "-1",
                "security_groups": [],
                "self": false,
                "to_port": 0
              }
            ],
            "id": "sg-02519aee1612eafa0",
            "ingress": [
              {
                "cidr_blocks": [
                  "0.0.0.0/0"
                ],
                "description": "",
                "from_port": 0,
                "ipv6_cidr_blocks": [],
                "prefix_list_ids": [],
                "protocol": "-1",
                "security_groups": [],
                "self": false,
                "to_port": 0
              }
            ],
            "name": "ec2-k3s-allowall",
            "name_prefix": "",
            "owner_id": "964235021484",
            "revoke_rules_on_delete": false,
            "tags": {},
            "tags_all": {},
            "timeouts": null,
            "vpc_id": "vpc-051e608e74ae8d8b6"
          },
          "sensitive_attributes": [],
          "private": "eyJlMmJmYjczMC1lY2FhLTExZTYtOGY4OC0zNDM2M2JjN2M0YzAiOnsiY3JlYXRlIjo2MDAwMDAwMDAwMDAsImRlbGV0ZSI6OTAwMDAwMDAwMDAwfSwic2NoZW1hX3ZlcnNpb24iOiIxIn0="
        }
      ]
    },
    {
      "mode": "managed",
      "type": "rancher2_cloud_credential",
      "name": "ec2login",
      "provider": "provider[\"registry.terraform.io/rancher/rancher2\"]",
      "instances": [
        {
          "schema_version": 0,
          "attributes": {
            "amazonec2_credential_config": [
              {
                "access_key": "AKIA6BAHCZSWDUHZSDLT",
                "default_region": "",
                "secret_key": "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"
              }
            ],
            "annotations": {},
            "azure_credential_config": [],
            "description": null,
            "digitalocean_credential_config": [],
            "driver": "amazonec2",
            "google_credential_config": [],
            "harvester_credential_config": [],
            "id": "cattle-global-data:cc-whlb2",
            "labels": {
              "cattle.io/creator": "norman"
            },
            "linode_credential_config": [],
            "name": "ec2login",
            "openstack_credential_config": [],
            "s3_credential_config": [],
            "timeouts": null,
            "vsphere_credential_config": []
          },
          "sensitive_attributes": [],
          "private": "eyJlMmJmYjczMC1lY2FhLTExZTYtOGY4OC0zNDM2M2JjN2M0YzAiOnsiY3JlYXRlIjo2MDAwMDAwMDAwMDAsImRlbGV0ZSI6NjAwMDAwMDAwMDAwLCJ1cGRhdGUiOjYwMDAwMDAwMDAwMH19"
        }
      ]
    },
    {
      "mode": "managed",
      "type": "rancher2_cluster_v2",
      "name": "clusterconfig",
      "provider": "provider[\"registry.terraform.io/rancher/rancher2\"]",
      "instances": [
        {
          "status": "tainted",
          "schema_version": 0,
          "attributes": {
            "agent_env_vars": [],
            "annotations": null,
            "cloud_credential_secret_name": null,
            "cluster_registration_token": null,
            "cluster_v1_id": null,
            "default_cluster_role_for_project_members": "user",
            "default_pod_security_policy_template_name": null,
            "enable_network_policy": false,
            "fleet_namespace": "fleet-default",
            "id": "fleet-default/nelsoncluster",
            "kube_config": null,
            "kubernetes_version": "v1.21.4+k3s1",
            "labels": null,
            "local_auth_endpoint": [],
            "name": "nelsoncluster",
            "resource_version": null,
            "rke_config": [
              {
                "additional_manifest": "",
                "chart_values": "",
                "etcd": [],
                "local_auth_endpoint": [],
                "machine_global_config": "",
                "machine_pools": [
                  {
                    "annotations": {},
                    "cloud_credential_secret_name": "cattle-global-data:cc-whlb2",
                    "control_plane_role": true,
                    "drain_before_delete": false,
                    "etcd_role": true,
                    "labels": {},
                    "machine_config": [
                      {
                        "kind": "Amazonec2Config",
                        "name": "nc-ec2instance-bcb9s"
                      }
                    ],
                    "max_unhealthy": "",
                    "name": "pool1",
                    "node_startup_timeout_seconds": 0,
                    "paused": false,
                    "quantity": 1,
                    "rolling_update": [],
                    "taints": [],
                    "unhealthy_node_timeout_seconds": 0,
                    "unhealthy_range": "",
                    "worker_role": true
                  }
                ],
                "machine_selector_config": [],
                "registries": [],
                "rotate_certificates": [],
                "upgrade_strategy": []
              }
            ],
            "timeouts": null
          },
          "sensitive_attributes": [],
          "private": "eyJlMmJmYjczMC1lY2FhLTExZTYtOGY4OC0zNDM2M2JjN2M0YzAiOnsiY3JlYXRlIjoxODAwMDAwMDAwMDAwLCJkZWxldGUiOjE4MDAwMDAwMDAwMDAsInVwZGF0ZSI6MTgwMDAwMDAwMDAwMH19",
          "dependencies": [
            "rancher2_cloud_credential.ec2login",
            "rancher2_machine_config_v2.ec2instance"
          ]
        }
      ]
    },
    {
      "mode": "managed",
      "type": "rancher2_machine_config_v2",
      "name": "ec2instance",
      "provider": "provider[\"registry.terraform.io/rancher/rancher2\"]",
      "instances": [
        {
          "schema_version": 0,
          "attributes": {
            "amazonec2_config": [
              {
                "access_key": "",
                "ami": "ami-00c90dbdc12232b58",
                "block_duration_minutes": "0",
                "device_name": "",
                "encrypt_ebs_volume": false,
                "endpoint": "",
                "http_endpoint": "",
                "http_tokens": "",
                "iam_instance_profile": "",
                "insecure_transport": false,
                "instance_type": "t3a.medium",
                "keypair_name": "",
                "kms_key": "",
                "monitoring": false,
                "open_port": [],
                "private_address_only": false,
                "region": "eu-west-1",
                "request_spot_instance": false,
                "retries": "5",
                "root_size": "16",
                "secret_key": "",
                "security_group": [
                  "ec2-k3s-allowall"
                ],
                "security_group_readonly": false,
                "session_token": "",
                "spot_price": "0.50",
                "ssh_key_contents": "",
                "ssh_user": "ubuntu",
                "subnet_id": "subnet-069f0acdccbd4001d",
                "tags": "",
                "use_ebs_optimized_instance": false,
                "use_private_address": false,
                "userdata": "",
                "volume_type": "gp2",
                "vpc_id": "vpc-051e608e74ae8d8b6",
                "zone": "c"
              }
            ],
            "annotations": {
              "field.cattle.io/creatorId": "u-obejdmy54y",
              "ownerBindingsCreated": "true"
            },
            "azure_config": [],
            "digitalocean_config": [],
            "fleet_namespace": "fleet-default",
            "generate_name": "ec2instance",
            "harvester_config": [],
            "id": "fleet-default/nc-ec2instance-bcb9s",
            "kind": "Amazonec2Config",
            "labels": {},
            "linode_config": [],
            "name": "nc-ec2instance-bcb9s",
            "openstack_config": [],
            "resource_version": "75697466",
            "timeouts": null,
            "vsphere_config": []
          },
          "sensitive_attributes": [],
          "private": "eyJlMmJmYjczMC1lY2FhLTExZTYtOGY4OC0zNDM2M2JjN2M0YzAiOnsiY3JlYXRlIjo2MDAwMDAwMDAwMDAsImRlbGV0ZSI6NjAwMDAwMDAwMDAwLCJ1cGRhdGUiOjYwMDAwMDAwMDAwMH19",
          "dependencies": [
            "aws_security_group.rancher_sg_allowall"
          ]
        }
      ]
    }
  ]
}
